
Microsoft Visual Studio Solution File, Format Version 12.00
# Visual Studio 2013
VisualStudioVersion = 12.0.21005.1
MinimumVisualStudioVersion = 10.0.40219.1
Project("{FAE04EC0-301F-11D3-BF4B-00C04F79EFBC}") = "trackitnow20414", "trackitnow20414\trackitnow20414.csproj", "{985328ED-31DC-4596-AA88-1415F9A6D727}"
EndProject
Global
	GlobalSection(SolutionConfigurationPlatforms) = preSolution
		Debug|Any CPU = Debug|Any CPU
		Release|Any CPU = Release|Any CPU
	EndGlobalSection
	GlobalSection(ProjectConfigurationPlatforms) = postSolution
		{985328ED-31DC-4596-AA88-1415F9A6D727}.Debug|Any CPU.ActiveCfg = Debug|Any CPU
		{985328ED-31DC-4596-AA88-1415F9A6D727}.Debug|Any CPU.Build.0 = Debug|Any CPU
		{985328ED-31DC-4596-AA88-1415F9A6D727}.Release|Any CPU.ActiveCfg = Release|Any CPU
		{985328ED-31DC-4596-AA88-1415F9A6D727}.Release|Any CPU.Build.0 = Release|Any CPU
	EndGlobalSection
	GlobalSection(SolutionProperties) = preSolution
		HideSolutionNode = FALSE
	EndGlobalSection
EndGlobal
